// !$*UTF8*$!
{
	archiveVersion = 1;
	classes = {
	};
	objectVersion = 55;
	objects = {

/* Begin PBXBuildFile section */
		7008C36429ABF69300498A5E /* 03ButtonTrigger.swift in Sources */ = {isa = PBXBuildFile; fileRef = 7008C36329ABF69300498A5E /* 03ButtonTrigger.swift */; };
		70216CBC29A3B409004E702E /* 02GeometryReader.swift in Sources */ = {isa = PBXBuildFile; fileRef = 70216CBB29A3B409004E702E /* 02GeometryReader.swift */; };
		70216CBE29A3B55F004E702E /* 02Opacity.swift in Sources */ = {isa = PBXBuildFile; fileRef = 70216CBD29A3B55F004E702E /* 02Opacity.swift */; };
		702E5B7D299C988200256D78 /* AnimationTemplateApp.swift in Sources */ = {isa = PBXBuildFile; fileRef = 702E5B7C299C988200256D78 /* AnimationTemplateApp.swift */; };
		702E5B7F299C988200256D78 /* ContentView.swift in Sources */ = {isa = PBXBuildFile; fileRef = 702E5B7E299C988200256D78 /* ContentView.swift */; };
		702E5B81299C988300256D78 /* Assets.xcassets in Resources */ = {isa = PBXBuildFile; fileRef = 702E5B80299C988300256D78 /* Assets.xcassets */; };
		702E5B84299C988300256D78 /* Preview Assets.xcassets in Resources */ = {isa = PBXBuildFile; fileRef = 702E5B83299C988300256D78 /* Preview Assets.xcassets */; };
		702E5B8C299C98C500256D78 /* TitleText.swift in Sources */ = {isa = PBXBuildFile; fileRef = 702E5B8B299C98C500256D78 /* TitleText.swift */; };
		702E5B8E299C990200256D78 /* SubtitleText.swift in Sources */ = {isa = PBXBuildFile; fileRef = 702E5B8D299C990200256D78 /* SubtitleText.swift */; };
		702E5B90299C992F00256D78 /* BannerText.swift in Sources */ = {isa = PBXBuildFile; fileRef = 702E5B8F299C992F00256D78 /* BannerText.swift */; };
		702E5B93299C9AAA00256D78 /* 01BasicAnimation.swift in Sources */ = {isa = PBXBuildFile; fileRef = 702E5B92299C9AAA00256D78 /* 01BasicAnimation.swift */; };
		702E5B95299C9CF700256D78 /* 01Challenge.swift in Sources */ = {isa = PBXBuildFile; fileRef = 702E5B94299C9CF700256D78 /* 01Challenge.swift */; };
		702E5B97299C9E3300256D78 /* 01Challenge2.swift in Sources */ = {isa = PBXBuildFile; fileRef = 702E5B96299C9E3300256D78 /* 01Challenge2.swift */; };
		702E5B9A299C9EC100256D78 /* 02ColorAnimation.swift in Sources */ = {isa = PBXBuildFile; fileRef = 702E5B99299C9EC100256D78 /* 02ColorAnimation.swift */; };
		702E5B9C299CA04800256D78 /* 02AlignmentAnimation.swift in Sources */ = {isa = PBXBuildFile; fileRef = 702E5B9B299CA04800256D78 /* 02AlignmentAnimation.swift */; };
		7057C5F429A70ADF0051E809 /* 02CornerRadius.swift in Sources */ = {isa = PBXBuildFile; fileRef = 7057C5F329A70ADF0051E809 /* 02CornerRadius.swift */; };
		7057C5F629A70BDF0051E809 /* 02TextAnimation.swift in Sources */ = {isa = PBXBuildFile; fileRef = 7057C5F529A70BDF0051E809 /* 02TextAnimation.swift */; };
		7057C5F829A70CA50051E809 /* 02TrimCircle.swift in Sources */ = {isa = PBXBuildFile; fileRef = 7057C5F729A70CA50051E809 /* 02TrimCircle.swift */; };
		7057C5FA29A70EF20051E809 /* 02Exercise.swift in Sources */ = {isa = PBXBuildFile; fileRef = 7057C5F929A70EF20051E809 /* 02Exercise.swift */; };
		7057C5FC29A712C90051E809 /* 02ExerciseSol.swift in Sources */ = {isa = PBXBuildFile; fileRef = 7057C5FB29A712C90051E809 /* 02ExerciseSol.swift */; };
		70638E2529AA91D800424E0C /* 02Challenge.swift in Sources */ = {isa = PBXBuildFile; fileRef = 70638E2429AA91D800424E0C /* 02Challenge.swift */; };
		70638E2729AA95FA00424E0C /* 02Challenge02.swift in Sources */ = {isa = PBXBuildFile; fileRef = 70638E2629AA95FA00424E0C /* 02Challenge02.swift */; };
		707B141529AD6C450035CA26 /* 03SegmentedControl.swift in Sources */ = {isa = PBXBuildFile; fileRef = 707B141429AD6C450035CA26 /* 03SegmentedControl.swift */; };
		70C0B5B729A580A1006AB717 /* 02RotationEffect.swift in Sources */ = {isa = PBXBuildFile; fileRef = 70C0B5B629A580A1006AB717 /* 02RotationEffect.swift */; };
		70C0B5B929A581DC006AB717 /* 02RotationEffectWithAnchors.swift in Sources */ = {isa = PBXBuildFile; fileRef = 70C0B5B829A581DC006AB717 /* 02RotationEffectWithAnchors.swift */; };
		70C0B5BB29A5834B006AB717 /* 02Frame.swift in Sources */ = {isa = PBXBuildFile; fileRef = 70C0B5BA29A5834B006AB717 /* 02Frame.swift */; };
		70C0B5BD29A5843A006AB717 /* 02ScaleEffect.swift in Sources */ = {isa = PBXBuildFile; fileRef = 70C0B5BC29A5843A006AB717 /* 02ScaleEffect.swift */; };
/* End PBXBuildFile section */

/* Begin PBXFileReference section */
		7008C36329ABF69300498A5E /* 03ButtonTrigger.swift */ = {isa = PBXFileReference; lastKnownFileType = sourcecode.swift; path = 03ButtonTrigger.swift; sourceTree = "<group>"; };
		70216CBB29A3B409004E702E /* 02GeometryReader.swift */ = {isa = PBXFileReference; lastKnownFileType = sourcecode.swift; path = 02GeometryReader.swift; sourceTree = "<group>"; };
		70216CBD29A3B55F004E702E /* 02Opacity.swift */ = {isa = PBXFileReference; lastKnownFileType = sourcecode.swift; path = 02Opacity.swift; sourceTree = "<group>"; };
		702E5B79299C988200256D78 /* AnimationTemplate.app */ = {isa = PBXFileReference; explicitFileType = wrapper.application; includeInIndex = 0; path = AnimationTemplate.app; sourceTree = BUILT_PRODUCTS_DIR; };
		702E5B7C299C988200256D78 /* AnimationTemplateApp.swift */ = {isa = PBXFileReference; lastKnownFileType = sourcecode.swift; path = AnimationTemplateApp.swift; sourceTree = "<group>"; };
		702E5B7E299C988200256D78 /* ContentView.swift */ = {isa = PBXFileReference; lastKnownFileType = sourcecode.swift; path = ContentView.swift; sourceTree = "<group>"; };
		702E5B80299C988300256D78 /* Assets.xcassets */ = {isa = PBXFileReference; lastKnownFileType = folder.assetcatalog; path = Assets.xcassets; sourceTree = "<group>"; };
		702E5B83299C988300256D78 /* Preview Assets.xcassets */ = {isa = PBXFileReference; lastKnownFileType = folder.assetcatalog; path = "Preview Assets.xcassets"; sourceTree = "<group>"; };
		702E5B8B299C98C500256D78 /* TitleText.swift */ = {isa = PBXFileReference; lastKnownFileType = sourcecode.swift; path = TitleText.swift; sourceTree = "<group>"; };
		702E5B8D299C990200256D78 /* SubtitleText.swift */ = {isa = PBXFileReference; lastKnownFileType = sourcecode.swift; path = SubtitleText.swift; sourceTree = "<group>"; };
		702E5B8F299C992F00256D78 /* BannerText.swift */ = {isa = PBXFileReference; lastKnownFileType = sourcecode.swift; path = BannerText.swift; sourceTree = "<group>"; };
		702E5B92299C9AAA00256D78 /* 01BasicAnimation.swift */ = {isa = PBXFileReference; lastKnownFileType = sourcecode.swift; path = 01BasicAnimation.swift; sourceTree = "<group>"; };
		702E5B94299C9CF700256D78 /* 01Challenge.swift */ = {isa = PBXFileReference; lastKnownFileType = sourcecode.swift; path = 01Challenge.swift; sourceTree = "<group>"; };
		702E5B96299C9E3300256D78 /* 01Challenge2.swift */ = {isa = PBXFileReference; lastKnownFileType = sourcecode.swift; path = 01Challenge2.swift; sourceTree = "<group>"; };
		702E5B99299C9EC100256D78 /* 02ColorAnimation.swift */ = {isa = PBXFileReference; lastKnownFileType = sourcecode.swift; path = 02ColorAnimation.swift; sourceTree = "<group>"; };
		702E5B9B299CA04800256D78 /* 02AlignmentAnimation.swift */ = {isa = PBXFileReference; lastKnownFileType = sourcecode.swift; path = 02AlignmentAnimation.swift; sourceTree = "<group>"; };
		7057C5F329A70ADF0051E809 /* 02CornerRadius.swift */ = {isa = PBXFileReference; lastKnownFileType = sourcecode.swift; path = 02CornerRadius.swift; sourceTree = "<group>"; };
		7057C5F529A70BDF0051E809 /* 02TextAnimation.swift */ = {isa = PBXFileReference; lastKnownFileType = sourcecode.swift; path = 02TextAnimation.swift; sourceTree = "<group>"; };
		7057C5F729A70CA50051E809 /* 02TrimCircle.swift */ = {isa = PBXFileReference; lastKnownFileType = sourcecode.swift; path = 02TrimCircle.swift; sourceTree = "<group>"; };
		7057C5F929A70EF20051E809 /* 02Exercise.swift */ = {isa = PBXFileReference; lastKnownFileType = sourcecode.swift; path = 02Exercise.swift; sourceTree = "<group>"; };
		7057C5FB29A712C90051E809 /* 02ExerciseSol.swift */ = {isa = PBXFileReference; lastKnownFileType = sourcecode.swift; path = 02ExerciseSol.swift; sourceTree = "<group>"; };
		70638E2429AA91D800424E0C /* 02Challenge.swift */ = {isa = PBXFileReference; lastKnownFileType = sourcecode.swift; path = 02Challenge.swift; sourceTree = "<group>"; };
		70638E2629AA95FA00424E0C /* 02Challenge02.swift */ = {isa = PBXFileReference; lastKnownFileType = sourcecode.swift; path = 02Challenge02.swift; sourceTree = "<group>"; };
		707B141429AD6C450035CA26 /* 03SegmentedControl.swift */ = {isa = PBXFileReference; lastKnownFileType = sourcecode.swift; path = 03SegmentedControl.swift; sourceTree = "<group>"; };
		70C0B5B629A580A1006AB717 /* 02RotationEffect.swift */ = {isa = PBXFileReference; lastKnownFileType = sourcecode.swift; path = 02RotationEffect.swift; sourceTree = "<group>"; };
		70C0B5B829A581DC006AB717 /* 02RotationEffectWithAnchors.swift */ = {isa = PBXFileReference; lastKnownFileType = sourcecode.swift; path = 02RotationEffectWithAnchors.swift; sourceTree = "<group>"; };
		70C0B5BA29A5834B006AB717 /* 02Frame.swift */ = {isa = PBXFileReference; lastKnownFileType = sourcecode.swift; path = 02Frame.swift; sourceTree = "<group>"; };
		70C0B5BC29A5843A006AB717 /* 02ScaleEffect.swift */ = {isa = PBXFileReference; lastKnownFileType = sourcecode.swift; path = 02ScaleEffect.swift; sourceTree = "<group>"; };
/* End PBXFileReference section */

/* Begin PBXFrameworksBuildPhase section */
		702E5B76299C988200256D78 /* Frameworks */ = {
			isa = PBXFrameworksBuildPhase;
			buildActionMask = 2147483647;
			files = (
			);
			runOnlyForDeploymentPostprocessing = 0;
		};
/* End PBXFrameworksBuildPhase section */

/* Begin PBXGroup section */
		7008C36229ABF68200498A5E /* Chapter 03 */ = {
			isa = PBXGroup;
			children = (
				7008C36329ABF69300498A5E /* 03ButtonTrigger.swift */,
				707B141429AD6C450035CA26 /* 03SegmentedControl.swift */,
			);
			path = "Chapter 03";
			sourceTree = "<group>";
		};
		702E5B70299C988200256D78 = {
			isa = PBXGroup;
			children = (
				702E5B7B299C988200256D78 /* AnimationTemplate */,
				702E5B7A299C988200256D78 /* Products */,
			);
			sourceTree = "<group>";
		};
		702E5B7A299C988200256D78 /* Products */ = {
			isa = PBXGroup;
			children = (
				702E5B79299C988200256D78 /* AnimationTemplate.app */,
			);
			name = Products;
			sourceTree = "<group>";
		};
		702E5B7B299C988200256D78 /* AnimationTemplate */ = {
			isa = PBXGroup;
			children = (
				7008C36229ABF68200498A5E /* Chapter 03 */,
				702E5B98299C9EA200256D78 /* Chapter 02 */,
				702E5B91299C9A7E00256D78 /* Chapter 01 */,
				702E5B8A299C98B200256D78 /* Views */,
				702E5B7C299C988200256D78 /* AnimationTemplateApp.swift */,
				702E5B7E299C988200256D78 /* ContentView.swift */,
				702E5B80299C988300256D78 /* Assets.xcassets */,
				702E5B82299C988300256D78 /* Preview Content */,
			);
			path = AnimationTemplate;
			sourceTree = "<group>";
		};
		702E5B82299C988300256D78 /* Preview Content */ = {
			isa = PBXGroup;
			children = (
				702E5B83299C988300256D78 /* Preview Assets.xcassets */,
			);
			path = "Preview Content";
			sourceTree = "<group>";
		};
		702E5B8A299C98B200256D78 /* Views */ = {
			isa = PBXGroup;
			children = (
				702E5B8B299C98C500256D78 /* TitleText.swift */,
				702E5B8D299C990200256D78 /* SubtitleText.swift */,
				702E5B8F299C992F00256D78 /* BannerText.swift */,
			);
			path = Views;
			sourceTree = "<group>";
		};
		702E5B91299C9A7E00256D78 /* Chapter 01 */ = {
			isa = PBXGroup;
			children = (
				702E5B92299C9AAA00256D78 /* 01BasicAnimation.swift */,
				702E5B94299C9CF700256D78 /* 01Challenge.swift */,
				702E5B96299C9E3300256D78 /* 01Challenge2.swift */,
			);
			path = "Chapter 01";
			sourceTree = "<group>";
		};
		702E5B98299C9EA200256D78 /* Chapter 02 */ = {
			isa = PBXGroup;
			children = (
				702E5B99299C9EC100256D78 /* 02ColorAnimation.swift */,
				702E5B9B299CA04800256D78 /* 02AlignmentAnimation.swift */,
				70216CBB29A3B409004E702E /* 02GeometryReader.swift */,
				70216CBD29A3B55F004E702E /* 02Opacity.swift */,
				70C0B5B629A580A1006AB717 /* 02RotationEffect.swift */,
				70C0B5B829A581DC006AB717 /* 02RotationEffectWithAnchors.swift */,
				70C0B5BA29A5834B006AB717 /* 02Frame.swift */,
				70C0B5BC29A5843A006AB717 /* 02ScaleEffect.swift */,
				7057C5F329A70ADF0051E809 /* 02CornerRadius.swift */,
				7057C5F529A70BDF0051E809 /* 02TextAnimation.swift */,
				7057C5F729A70CA50051E809 /* 02TrimCircle.swift */,
				7057C5F929A70EF20051E809 /* 02Exercise.swift */,
				7057C5FB29A712C90051E809 /* 02ExerciseSol.swift */,
				70638E2429AA91D800424E0C /* 02Challenge.swift */,
				70638E2629AA95FA00424E0C /* 02Challenge02.swift */,
			);
			path = "Chapter 02";
			sourceTree = "<group>";
		};
/* End PBXGroup section */

/* Begin PBXNativeTarget section */
		702E5B78299C988200256D78 /* AnimationTemplate */ = {
			isa = PBXNativeTarget;
			buildConfigurationList = 702E5B87299C988300256D78 /* Build configuration list for PBXNativeTarget "AnimationTemplate" */;
			buildPhases = (
				702E5B75299C988200256D78 /* Sources */,
				702E5B76299C988200256D78 /* Frameworks */,
				702E5B77299C988200256D78 /* Resources */,
			);
			buildRules = (
			);
			dependencies = (
			);
			name = AnimationTemplate;
			productName = AnimationTemplate;
			productReference = 702E5B79299C988200256D78 /* AnimationTemplate.app */;
			productType = "com.apple.product-type.application";
		};
/* End PBXNativeTarget section */

/* Begin PBXProject section */
		702E5B71299C988200256D78 /* Project object */ = {
			isa = PBXProject;
			attributes = {
				BuildIndependentTargetsInParallel = 1;
				LastSwiftUpdateCheck = 1340;
				LastUpgradeCheck = 1340;
				TargetAttributes = {
					702E5B78299C988200256D78 = {
						CreatedOnToolsVersion = 13.4.1;
					};
				};
			};
			buildConfigurationList = 702E5B74299C988200256D78 /* Build configuration list for PBXProject "AnimationTemplate" */;
			compatibilityVersion = "Xcode 13.0";
			developmentRegion = en;
			hasScannedForEncodings = 0;
			knownRegions = (
				en,
				Base,
			);
			mainGroup = 702E5B70299C988200256D78;
			productRefGroup = 702E5B7A299C988200256D78 /* Products */;
			projectDirPath = "";
			projectRoot = "";
			targets = (
				702E5B78299C988200256D78 /* AnimationTemplate */,
			);
		};
/* End PBXProject section */

/* Begin PBXResourcesBuildPhase section */
		702E5B77299C988200256D78 /* Resources */ = {
			isa = PBXResourcesBuildPhase;
			buildActionMask = 2147483647;
			files = (
				702E5B84299C988300256D78 /* Preview Assets.xcassets in Resources */,
				702E5B81299C988300256D78 /* Assets.xcassets in Resources */,
			);
			runOnlyForDeploymentPostprocessing = 0;
		};
/* End PBXResourcesBuildPhase section */

/* Begin PBXSourcesBuildPhase section */
		702E5B75299C988200256D78 /* Sources */ = {
			isa = PBXSourcesBuildPhase;
			buildActionMask = 2147483647;
			files = (
				702E5B93299C9AAA00256D78 /* 01BasicAnimation.swift in Sources */,
				702E5B7F299C988200256D78 /* ContentView.swift in Sources */,
				70C0B5B729A580A1006AB717 /* 02RotationEffect.swift in Sources */,
				7057C5FC29A712C90051E809 /* 02ExerciseSol.swift in Sources */,
				702E5B9A299C9EC100256D78 /* 02ColorAnimation.swift in Sources */,
				70216CBC29A3B409004E702E /* 02GeometryReader.swift in Sources */,
				7057C5F429A70ADF0051E809 /* 02CornerRadius.swift in Sources */,
				70C0B5BD29A5843A006AB717 /* 02ScaleEffect.swift in Sources */,
				702E5B8C299C98C500256D78 /* TitleText.swift in Sources */,
				70C0B5BB29A5834B006AB717 /* 02Frame.swift in Sources */,
				702E5B97299C9E3300256D78 /* 01Challenge2.swift in Sources */,
				70638E2729AA95FA00424E0C /* 02Challenge02.swift in Sources */,
				70C0B5B929A581DC006AB717 /* 02RotationEffectWithAnchors.swift in Sources */,
				7057C5F829A70CA50051E809 /* 02TrimCircle.swift in Sources */,
				702E5B95299C9CF700256D78 /* 01Challenge.swift in Sources */,
				702E5B9C299CA04800256D78 /* 02AlignmentAnimation.swift in Sources */,
				702E5B8E299C990200256D78 /* SubtitleText.swift in Sources */,
				70216CBE29A3B55F004E702E /* 02Opacity.swift in Sources */,
				70638E2529AA91D800424E0C /* 02Challenge.swift in Sources */,
				7057C5F629A70BDF0051E809 /* 02TextAnimation.swift in Sources */,
				707B141529AD6C450035CA26 /* 03SegmentedControl.swift in Sources */,
				7057C5FA29A70EF20051E809 /* 02Exercise.swift in Sources */,
				7008C36429ABF69300498A5E /* 03ButtonTrigger.swift in Sources */,
				702E5B90299C992F00256D78 /* BannerText.swift in Sources */,
				702E5B7D299C988200256D78 /* AnimationTemplateApp.swift in Sources */,
			);
			runOnlyForDeploymentPostprocessing = 0;
		};
/* End PBXSourcesBuildPhase section */

/* Begin XCBuildConfiguration section */
		702E5B85299C988300256D78 /* Debug */ = {
			isa = XCBuildConfiguration;
			buildSettings = {
				ALWAYS_SEARCH_USER_PATHS = NO;
				CLANG_ANALYZER_NONNULL = YES;
				CLANG_ANALYZER_NUMBER_OBJECT_CONVERSION = YES_AGGRESSIVE;
				CLANG_CXX_LANGUAGE_STANDARD = "gnu++17";
				CLANG_ENABLE_MODULES = YES;
				CLANG_ENABLE_OBJC_ARC = YES;
				CLANG_ENABLE_OBJC_WEAK = YES;
				CLANG_WARN_BLOCK_CAPTURE_AUTORELEASING = YES;
				CLANG_WARN_BOOL_CONVERSION = YES;
				CLANG_WARN_COMMA = YES;
				CLANG_WARN_CONSTANT_CONVERSION = YES;
				CLANG_WARN_DEPRECATED_OBJC_IMPLEMENTATIONS = YES;
				CLANG_WARN_DIRECT_OBJC_ISA_USAGE = YES_ERROR;
				CLANG_WARN_DOCUMENTATION_COMMENTS = YES;
				CLANG_WARN_EMPTY_BODY = YES;
				CLANG_WARN_ENUM_CONVERSION = YES;
				CLANG_WARN_INFINITE_RECURSION = YES;
				CLANG_WARN_INT_CONVERSION = YES;
				CLANG_WARN_NON_LITERAL_NULL_CONVERSION = YES;
				CLANG_WARN_OBJC_IMPLICIT_RETAIN_SELF = YES;
				CLANG_WARN_OBJC_LITERAL_CONVERSION = YES;
				CLANG_WARN_OBJC_ROOT_CLASS = YES_ERROR;
				CLANG_WARN_QUOTED_INCLUDE_IN_FRAMEWORK_HEADER = YES;
				CLANG_WARN_RANGE_LOOP_ANALYSIS = YES;
				CLANG_WARN_STRICT_PROTOTYPES = YES;
				CLANG_WARN_SUSPICIOUS_MOVE = YES;
				CLANG_WARN_UNGUARDED_AVAILABILITY = YES_AGGRESSIVE;
				CLANG_WARN_UNREACHABLE_CODE = YES;
				CLANG_WARN__DUPLICATE_METHOD_MATCH = YES;
				COPY_PHASE_STRIP = NO;
				DEBUG_INFORMATION_FORMAT = dwarf;
				ENABLE_STRICT_OBJC_MSGSEND = YES;
				ENABLE_TESTABILITY = YES;
				GCC_C_LANGUAGE_STANDARD = gnu11;
				GCC_DYNAMIC_NO_PIC = NO;
				GCC_NO_COMMON_BLOCKS = YES;
				GCC_OPTIMIZATION_LEVEL = 0;
				GCC_PREPROCESSOR_DEFINITIONS = (
					"DEBUG=1",
					"$(inherited)",
				);
				GCC_WARN_64_TO_32_BIT_CONVERSION = YES;
				GCC_WARN_ABOUT_RETURN_TYPE = YES_ERROR;
				GCC_WARN_UNDECLARED_SELECTOR = YES;
				GCC_WARN_UNINITIALIZED_AUTOS = YES_AGGRESSIVE;
				GCC_WARN_UNUSED_FUNCTION = YES;
				GCC_WARN_UNUSED_VARIABLE = YES;
				IPHONEOS_DEPLOYMENT_TARGET = 15.5;
				MTL_ENABLE_DEBUG_INFO = INCLUDE_SOURCE;
				MTL_FAST_MATH = YES;
				ONLY_ACTIVE_ARCH = YES;
				SDKROOT = iphoneos;
				SWIFT_ACTIVE_COMPILATION_CONDITIONS = DEBUG;
				SWIFT_OPTIMIZATION_LEVEL = "-Onone";
			};
			name = Debug;
		};
		702E5B86299C988300256D78 /* Release */ = {
			isa = XCBuildConfiguration;
			buildSettings = {
				ALWAYS_SEARCH_USER_PATHS = NO;
				CLANG_ANALYZER_NONNULL = YES;
				CLANG_ANALYZER_NUMBER_OBJECT_CONVERSION = YES_AGGRESSIVE;
				CLANG_CXX_LANGUAGE_STANDARD = "gnu++17";
				CLANG_ENABLE_MODULES = YES;
				CLANG_ENABLE_OBJC_ARC = YES;
				CLANG_ENABLE_OBJC_WEAK = YES;
				CLANG_WARN_BLOCK_CAPTURE_AUTORELEASING = YES;
				CLANG_WARN_BOOL_CONVERSION = YES;
				CLANG_WARN_COMMA = YES;
				CLANG_WARN_CONSTANT_CONVERSION = YES;
				CLANG_WARN_DEPRECATED_OBJC_IMPLEMENTATIONS = YES;
				CLANG_WARN_DIRECT_OBJC_ISA_USAGE = YES_ERROR;
				CLANG_WARN_DOCUMENTATION_COMMENTS = YES;
				CLANG_WARN_EMPTY_BODY = YES;
				CLANG_WARN_ENUM_CONVERSION = YES;
				CLANG_WARN_INFINITE_RECURSION = YES;
				CLANG_WARN_INT_CONVERSION = YES;
				CLANG_WARN_NON_LITERAL_NULL_CONVERSION = YES;
				CLANG_WARN_OBJC_IMPLICIT_RETAIN_SELF = YES;
				CLANG_WARN_OBJC_LITERAL_CONVERSION = YES;
				CLANG_WARN_OBJC_ROOT_CLASS = YES_ERROR;
				CLANG_WARN_QUOTED_INCLUDE_IN_FRAMEWORK_HEADER = YES;
				CLANG_WARN_RANGE_LOOP_ANALYSIS = YES;
				CLANG_WARN_STRICT_PROTOTYPES = YES;
				CLANG_WARN_SUSPICIOUS_MOVE = YES;
				CLANG_WARN_UNGUARDED_AVAILABILITY = YES_AGGRESSIVE;
				CLANG_WARN_UNREACHABLE_CODE = YES;
				CLANG_WARN__DUPLICATE_METHOD_MATCH = YES;
				COPY_PHASE_STRIP = NO;
				DEBUG_INFORMATION_FORMAT = "dwarf-with-dsym";
				ENABLE_NS_ASSERTIONS = NO;
				ENABLE_STRICT_OBJC_MSGSEND = YES;
				GCC_C_LANGUAGE_STANDARD = gnu11;
				GCC_NO_COMMON_BLOCKS = YES;
				GCC_WARN_64_TO_32_BIT_CONVERSION = YES;
				GCC_WARN_ABOUT_RETURN_TYPE = YES_ERROR;
				GCC_WARN_UNDECLARED_SELECTOR = YES;
				GCC_WARN_UNINITIALIZED_AUTOS = YES_AGGRESSIVE;
				GCC_WARN_UNUSED_FUNCTION = YES;
				GCC_WARN_UNUSED_VARIABLE = YES;
				IPHONEOS_DEPLOYMENT_TARGET = 15.5;
				MTL_ENABLE_DEBUG_INFO = NO;
				MTL_FAST_MATH = YES;
				SDKROOT = iphoneos;
				SWIFT_COMPILATION_MODE = wholemodule;
				SWIFT_OPTIMIZATION_LEVEL = "-O";
				VALIDATE_PRODUCT = YES;
			};
			name = Release;
		};
		702E5B88299C988300256D78 /* Debug */ = {
			isa = XCBuildConfiguration;
			buildSettings = {
				ASSETCATALOG_COMPILER_APPICON_NAME = AppIcon;
				ASSETCATALOG_COMPILER_GLOBAL_ACCENT_COLOR_NAME = AccentColor;
				CODE_SIGN_STYLE = Automatic;
				CURRENT_PROJECT_VERSION = 1;
				DEVELOPMENT_ASSET_PATHS = "\"AnimationTemplate/Preview Content\"";
				DEVELOPMENT_TEAM = 8YQ258U397;
				ENABLE_PREVIEWS = YES;
				GENERATE_INFOPLIST_FILE = YES;
				INFOPLIST_KEY_UIApplicationSceneManifest_Generation = YES;
				INFOPLIST_KEY_UIApplicationSupportsIndirectInputEvents = YES;
				INFOPLIST_KEY_UILaunchScreen_Generation = YES;
				INFOPLIST_KEY_UISupportedInterfaceOrientations_iPad = "UIInterfaceOrientationPortrait UIInterfaceOrientationPortraitUpsideDown UIInterfaceOrientationLandscapeLeft UIInterfaceOrientationLandscapeRight";
				INFOPLIST_KEY_UISupportedInterfaceOrientations_iPhone = "UIInterfaceOrientationPortrait UIInterfaceOrientationLandscapeLeft UIInterfaceOrientationLandscapeRight";
				LD_RUNPATH_SEARCH_PATHS = (
					"$(inherited)",
					"@executable_path/Frameworks",
				);
				MARKETING_VERSION = 1.0;
				PRODUCT_BUNDLE_IDENTIFIER = com.guillermo.AnimationTemplate;
				PRODUCT_NAME = "$(TARGET_NAME)";
				SWIFT_EMIT_LOC_STRINGS = YES;
				SWIFT_VERSION = 5.0;
				TARGETED_DEVICE_FAMILY = "1,2";
			};
			name = Debug;
		};
		702E5B89299C988300256D78 /* Release */ = {
			isa = XCBuildConfiguration;
			buildSettings = {
				ASSETCATALOG_COMPILER_APPICON_NAME = AppIcon;
				ASSETCATALOG_COMPILER_GLOBAL_ACCENT_COLOR_NAME = AccentColor;
				CODE_SIGN_STYLE = Automatic;
				CURRENT_PROJECT_VERSION = 1;
				DEVELOPMENT_ASSET_PATHS = "\"AnimationTemplate/Preview Content\"";
				DEVELOPMENT_TEAM = 8YQ258U397;
				ENABLE_PREVIEWS = YES;
				GENERATE_INFOPLIST_FILE = YES;
				INFOPLIST_KEY_UIApplicationSceneManifest_Generation = YES;
				INFOPLIST_KEY_UIApplicationSupportsIndirectInputEvents = YES;
				INFOPLIST_KEY_UILaunchScreen_Generation = YES;
				INFOPLIST_KEY_UISupportedInterfaceOrientations_iPad = "UIInterfaceOrientationPortrait UIInterfaceOrientationPortraitUpsideDown UIInterfaceOrientationLandscapeLeft UIInterfaceOrientationLandscapeRight";
				INFOPLIST_KEY_UISupportedInterfaceOrientations_iPhone = "UIInterfaceOrientationPortrait UIInterfaceOrientationLandscapeLeft UIInterfaceOrientationLandscapeRight";
				LD_RUNPATH_SEARCH_PATHS = (
					"$(inherited)",
					"@executable_path/Frameworks",
				);
				MARKETING_VERSION = 1.0;
				PRODUCT_BUNDLE_IDENTIFIER = com.guillermo.AnimationTemplate;
				PRODUCT_NAME = "$(TARGET_NAME)";
				SWIFT_EMIT_LOC_STRINGS = YES;
				SWIFT_VERSION = 5.0;
				TARGETED_DEVICE_FAMILY = "1,2";
			};
			name = Release;
		};
/* End XCBuildConfiguration section */

/* Begin XCConfigurationList section */
		702E5B74299C988200256D78 /* Build configuration list for PBXProject "AnimationTemplate" */ = {
			isa = XCConfigurationList;
			buildConfigurations = (
				702E5B85299C988300256D78 /* Debug */,
				702E5B86299C988300256D78 /* Release */,
			);
			defaultConfigurationIsVisible = 0;
			defaultConfigurationName = Release;
		};
		702E5B87299C988300256D78 /* Build configuration list for PBXNativeTarget "AnimationTemplate" */ = {
			isa = XCConfigurationList;
			buildConfigurations = (
				702E5B88299C988300256D78 /* Debug */,
				702E5B89299C988300256D78 /* Release */,
			);
			defaultConfigurationIsVisible = 0;
			defaultConfigurationName = Release;
		};
/* End XCConfigurationList section */
	};
	rootObject = 702E5B71299C988200256D78 /* Project object */;
}
